
Microsoft Visual Studio Solution File, Format Version 12.00
Project("{FAE04EC0-301F-11D3-BF4B-00C04F79EFBC}") = "DotnetFinancialTrackerApp", "DotnetFinancialTrackerApp\DotnetFinancialTrackerApp.csproj", "{A314694A-1490-4EE5-B82E-60642E25C59C}"
EndProject
Project("{FAE04EC0-301F-11D3-BF4B-00C04F79EFBC}") = "DotnetFinancialTrackerApp.Tests", "DotnetFinancialTrackerApp.Tests\DotnetFinancialTrackerApp.Tests.csproj", "{B6D6F1B1-66C6-4B4A-9E95-9D71B67B6C8E}"
EndProject
Global
	GlobalSection(SolutionConfigurationPlatforms) = preSolution
		Debug|Any CPU = Debug|Any CPU
		Release|Any CPU = Release|Any CPU
	EndGlobalSection
	GlobalSection(ProjectConfigurationPlatforms) = postSolution
		{A314694A-1490-4EE5-B82E-60642E25C59C}.Debug|Any CPU.ActiveCfg = Debug|Any CPU
		{A314694A-1490-4EE5-B82E-60642E25C59C}.Debug|Any CPU.Build.0 = Debug|Any CPU
		{A314694A-1490-4EE5-B82E-60642E25C59C}.Release|Any CPU.ActiveCfg = Release|Any CPU
		{A314694A-1490-4EE5-B82E-60642E25C59C}.Release|Any CPU.Build.0 = Release|Any CPU
		{B6D6F1B1-66C6-4B4A-9E95-9D71B67B6C8E}.Debug|Any CPU.ActiveCfg = Debug|Any CPU
		{B6D6F1B1-66C6-4B4A-9E95-9D71B67B6C8E}.Debug|Any CPU.Build.0 = Debug|Any CPU
		{B6D6F1B1-66C6-4B4A-9E95-9D71B67B6C8E}.Release|Any CPU.ActiveCfg = Release|Any CPU
		{B6D6F1B1-66C6-4B4A-9E95-9D71B67B6C8E}.Release|Any CPU.Build.0 = Release|Any CPU
	EndGlobalSection
EndGlobal
